
Microsoft Visual Studio Solution File, Format Version 12.00
# Visual Studio Version 16
VisualStudioVersion = 16.0.29926.136
MinimumVisualStudioVersion = 10.0.40219.1
Project("{2150E333-8FDC-42A3-9474-1A3956D46DE8}") = "Solution Items", "Solution Items", "{33E02DEF-2B10-477F-ADB5-D51D1ADDF3C2}"
	ProjectSection(SolutionItems) = preProject
		.gitignore = .gitignore
	EndProjectSection
EndProject
Project("{9A19103F-16F7-4668-BE54-9A1E7A4F7556}") = "BoningerWorks.TextAdventure.Engine", "BoningerWorks.TextAdventure.Engine\BoningerWorks.TextAdventure.Engine.csproj", "{E77F67B8-E019-41C6-9FF5-BF3DBF2E2443}"
EndProject
Project("{9A19103F-16F7-4668-BE54-9A1E7A4F7556}") = "BoningerWorks.TextAdventure.Cli", "BoningerWorks.TextAdventure.Cli\BoningerWorks.TextAdventure.Cli.csproj", "{DA27FD77-9C21-4C39-B2C0-FBBE772268AD}"
EndProject
Project("{9A19103F-16F7-4668-BE54-9A1E7A4F7556}") = "BoningerWorks.TextAdventure.Core", "BoningerWorks.TextAdventure.Core\BoningerWorks.TextAdventure.Core.csproj", "{BA720FC2-EE0D-427B-B4C8-20E5251A81AB}"
EndProject
Project("{9A19103F-16F7-4668-BE54-9A1E7A4F7556}") = "BoningerWorks.TextAdventure.Json", "BoningerWorks.TextAdventure.Json\BoningerWorks.TextAdventure.Json.csproj", "{D0DFA9CC-F9F3-4730-A8E1-C34828B31CDE}"
EndProject
Project("{9A19103F-16F7-4668-BE54-9A1E7A4F7556}") = "BoningerWorks.TextAdventure.Intermediate", "BoningerWorks.TextAdventure.Intermediate\BoningerWorks.TextAdventure.Intermediate.csproj", "{9CA6E8D1-6BEB-427B-A321-790DE68380DE}"
EndProject
Global
	GlobalSection(SolutionConfigurationPlatforms) = preSolution
		Debug|Any CPU = Debug|Any CPU
		Release|Any CPU = Release|Any CPU
	EndGlobalSection
	GlobalSection(ProjectConfigurationPlatforms) = postSolution
		{E77F67B8-E019-41C6-9FF5-BF3DBF2E2443}.Debug|Any CPU.ActiveCfg = Debug|Any CPU
		{E77F67B8-E019-41C6-9FF5-BF3DBF2E2443}.Debug|Any CPU.Build.0 = Debug|Any CPU
		{E77F67B8-E019-41C6-9FF5-BF3DBF2E2443}.Release|Any CPU.ActiveCfg = Release|Any CPU
		{E77F67B8-E019-41C6-9FF5-BF3DBF2E2443}.Release|Any CPU.Build.0 = Release|Any CPU
		{DA27FD77-9C21-4C39-B2C0-FBBE772268AD}.Debug|Any CPU.ActiveCfg = Debug|Any CPU
		{DA27FD77-9C21-4C39-B2C0-FBBE772268AD}.Debug|Any CPU.Build.0 = Debug|Any CPU
		{DA27FD77-9C21-4C39-B2C0-FBBE772268AD}.Release|Any CPU.ActiveCfg = Release|Any CPU
		{DA27FD77-9C21-4C39-B2C0-FBBE772268AD}.Release|Any CPU.Build.0 = Release|Any CPU
		{BA720FC2-EE0D-427B-B4C8-20E5251A81AB}.Debug|Any CPU.ActiveCfg = Debug|Any CPU
		{BA720FC2-EE0D-427B-B4C8-20E5251A81AB}.Debug|Any CPU.Build.0 = Debug|Any CPU
		{BA720FC2-EE0D-427B-B4C8-20E5251A81AB}.Release|Any CPU.ActiveCfg = Release|Any CPU
		{BA720FC2-EE0D-427B-B4C8-20E5251A81AB}.Release|Any CPU.Build.0 = Release|Any CPU
		{D0DFA9CC-F9F3-4730-A8E1-C34828B31CDE}.Debug|Any CPU.ActiveCfg = Debug|Any CPU
		{D0DFA9CC-F9F3-4730-A8E1-C34828B31CDE}.Debug|Any CPU.Build.0 = Debug|Any CPU
		{D0DFA9CC-F9F3-4730-A8E1-C34828B31CDE}.Release|Any CPU.ActiveCfg = Release|Any CPU
		{D0DFA9CC-F9F3-4730-A8E1-C34828B31CDE}.Release|Any CPU.Build.0 = Release|Any CPU
		{9CA6E8D1-6BEB-427B-A321-790DE68380DE}.Debug|Any CPU.ActiveCfg = Debug|Any CPU
		{9CA6E8D1-6BEB-427B-A321-790DE68380DE}.Debug|Any CPU.Build.0 = Debug|Any CPU
		{9CA6E8D1-6BEB-427B-A321-790DE68380DE}.Release|Any CPU.ActiveCfg = Release|Any CPU
		{9CA6E8D1-6BEB-427B-A321-790DE68380DE}.Release|Any CPU.Build.0 = Release|Any CPU
	EndGlobalSection
	GlobalSection(SolutionProperties) = preSolution
		HideSolutionNode = FALSE
	EndGlobalSection
	GlobalSection(ExtensibilityGlobals) = postSolution
		SolutionGuid = {D5848888-8563-4448-B4C1-0EBE9652548F}
	EndGlobalSection
EndGlobal
